
Microsoft Visual Studio Solution File, Format Version 12.00
# Visual Studio Version 17
VisualStudioVersion = 17.4.33103.184
MinimumVisualStudioVersion = 10.0.40219.1
Project("{FAE04EC0-301F-11D3-BF4B-00C04F79EFBC}") = "Calc_Design", "Calc_Design\Calc_Design.csproj", "{6DF10E4E-6BBD-414C-9971-B2276F9B1FA1}"
EndProject
Global
	GlobalSection(SolutionConfigurationPlatforms) = preSolution
		Debug|Any CPU = Debug|Any CPU
		Release|Any CPU = Release|Any CPU
	EndGlobalSection
	GlobalSection(ProjectConfigurationPlatforms) = postSolution
		{6DF10E4E-6BBD-414C-9971-B2276F9B1FA1}.Debug|Any CPU.ActiveCfg = Debug|Any CPU
		{6DF10E4E-6BBD-414C-9971-B2276F9B1FA1}.Debug|Any CPU.Build.0 = Debug|Any CPU
		{6DF10E4E-6BBD-414C-9971-B2276F9B1FA1}.Release|Any CPU.ActiveCfg = Release|Any CPU
		{6DF10E4E-6BBD-414C-9971-B2276F9B1FA1}.Release|Any CPU.Build.0 = Release|Any CPU
	EndGlobalSection
	GlobalSection(SolutionProperties) = preSolution
		HideSolutionNode = FALSE
	EndGlobalSection
	GlobalSection(ExtensibilityGlobals) = postSolution
		SolutionGuid = {891106A9-94B0-499F-A18D-2109A2AD1E88}
	EndGlobalSection
EndGlobal
